// !$*UTF8*$!
{
	archiveVersion = 1;
	classes = {
	};
	objectVersion = 55;
	objects = {

/* Begin PBXBuildFile section */
		300F817C28363C570034AB47 /* AppDelegate.swift in Sources */ = {isa = PBXBuildFile; fileRef = 300F817B28363C570034AB47 /* AppDelegate.swift */; };
		300F817E28363C570034AB47 /* SceneDelegate.swift in Sources */ = {isa = PBXBuildFile; fileRef = 300F817D28363C570034AB47 /* SceneDelegate.swift */; };
		300F818028363C570034AB47 /* SearchViewController.swift in Sources */ = {isa = PBXBuildFile; fileRef = 300F817F28363C570034AB47 /* SearchViewController.swift */; };
		300F818528363C5C0034AB47 /* Assets.xcassets in Resources */ = {isa = PBXBuildFile; fileRef = 300F818428363C5C0034AB47 /* Assets.xcassets */; };
		300F818828363C5C0034AB47 /* LaunchScreen.storyboard in Resources */ = {isa = PBXBuildFile; fileRef = 300F818628363C5C0034AB47 /* LaunchScreen.storyboard */; };
		300F819328363C5D0034AB47 /* Codeaddict_Recruitment_TaskTests.swift in Sources */ = {isa = PBXBuildFile; fileRef = 300F819228363C5D0034AB47 /* Codeaddict_Recruitment_TaskTests.swift */; };
		300F819D28363C5D0034AB47 /* Codeaddict_Recruitment_TaskUITests.swift in Sources */ = {isa = PBXBuildFile; fileRef = 300F819C28363C5D0034AB47 /* Codeaddict_Recruitment_TaskUITests.swift */; };
		300F819F28363C5D0034AB47 /* Codeaddict_Recruitment_TaskUITestsLaunchTests.swift in Sources */ = {isa = PBXBuildFile; fileRef = 300F819E28363C5D0034AB47 /* Codeaddict_Recruitment_TaskUITestsLaunchTests.swift */; };
		300F81AC28366C0D0034AB47 /* SearchLogic.swift in Sources */ = {isa = PBXBuildFile; fileRef = 300F81AB28366C0D0034AB47 /* SearchLogic.swift */; };
		300F81AE28366C310034AB47 /* MainTableViewCell.swift in Sources */ = {isa = PBXBuildFile; fileRef = 300F81AD28366C310034AB47 /* MainTableViewCell.swift */; };
		300F81B028366C4D0034AB47 /* MainTableViewHeaderView.swift in Sources */ = {isa = PBXBuildFile; fileRef = 300F81AF28366C4D0034AB47 /* MainTableViewHeaderView.swift */; };
		300F81B628367A880034AB47 /* SearchViewModel.swift in Sources */ = {isa = PBXBuildFile; fileRef = 300F81B528367A880034AB47 /* SearchViewModel.swift */; };
		300F81E62836822C0034AB47 /* Podfile in Resources */ = {isa = PBXBuildFile; fileRef = 300F81E52836822C0034AB47 /* Podfile */; };
		301FD2A22837B29B0054EA09 /* Error.swift in Sources */ = {isa = PBXBuildFile; fileRef = 301FD29E2837B29B0054EA09 /* Error.swift */; };
		301FD2A42837B29B0054EA09 /* RestService.swift in Sources */ = {isa = PBXBuildFile; fileRef = 301FD2A02837B29B0054EA09 /* RestService.swift */; };
		301FD2A72837C5890054EA09 /* ImageDataSource.swift in Sources */ = {isa = PBXBuildFile; fileRef = 301FD2A62837C5890054EA09 /* ImageDataSource.swift */; };
		30AEA811283A6A0F001E48D1 /* RestModels.swift in Sources */ = {isa = PBXBuildFile; fileRef = 30AEA810283A6A0F001E48D1 /* RestModels.swift */; };
		30AEA817283A6B96001E48D1 /* DetailsViewController.swift in Sources */ = {isa = PBXBuildFile; fileRef = 30AEA816283A6B96001E48D1 /* DetailsViewController.swift */; };
		30AEA819283A7817001E48D1 /* MainCoordinator.swift in Sources */ = {isa = PBXBuildFile; fileRef = 30AEA818283A7817001E48D1 /* MainCoordinator.swift */; };
		30AEA81B283A9AD2001E48D1 /* DetailsViewModel.swift in Sources */ = {isa = PBXBuildFile; fileRef = 30AEA81A283A9AD2001E48D1 /* DetailsViewModel.swift */; };
		30AEA81D283A9AE0001E48D1 /* DetailsLogic.swift in Sources */ = {isa = PBXBuildFile; fileRef = 30AEA81C283A9AE0001E48D1 /* DetailsLogic.swift */; };
		ABA1AEC3BFCC11FF8A3848BE /* Pods_Codeaddict_Recruitment_Task.framework in Frameworks */ = {isa = PBXBuildFile; fileRef = 833BB30B45701946897941D7 /* Pods_Codeaddict_Recruitment_Task.framework */; };
		FD59760BE933E5C34E249201 /* Pods_Codeaddict_Recruitment_TaskTests.framework in Frameworks */ = {isa = PBXBuildFile; fileRef = 42DCB36CB9431FED028D77D0 /* Pods_Codeaddict_Recruitment_TaskTests.framework */; };
/* End PBXBuildFile section */

/* Begin PBXContainerItemProxy section */
		300F818F28363C5D0034AB47 /* PBXContainerItemProxy */ = {
			isa = PBXContainerItemProxy;
			containerPortal = 300F817028363C570034AB47 /* Project object */;
			proxyType = 1;
			remoteGlobalIDString = 300F817728363C570034AB47;
			remoteInfo = "Codeaddict Recruitment Task";
		};
		300F819928363C5D0034AB47 /* PBXContainerItemProxy */ = {
			isa = PBXContainerItemProxy;
			containerPortal = 300F817028363C570034AB47 /* Project object */;
			proxyType = 1;
			remoteGlobalIDString = 300F817728363C570034AB47;
			remoteInfo = "Codeaddict Recruitment Task";
		};
/* End PBXContainerItemProxy section */

/* Begin PBXFileReference section */
		1B483C93D0E443A33516CD1E /* Pods-Codeaddict Recruitment TaskTests.debug.xcconfig */ = {isa = PBXFileReference; includeInIndex = 1; lastKnownFileType = text.xcconfig; name = "Pods-Codeaddict Recruitment TaskTests.debug.xcconfig"; path = "Target Support Files/Pods-Codeaddict Recruitment TaskTests/Pods-Codeaddict Recruitment TaskTests.debug.xcconfig"; sourceTree = "<group>"; };
		300F817828363C570034AB47 /* Codeaddict Recruitment Task.app */ = {isa = PBXFileReference; explicitFileType = wrapper.application; includeInIndex = 0; path = "Codeaddict Recruitment Task.app"; sourceTree = BUILT_PRODUCTS_DIR; };
		300F817B28363C570034AB47 /* AppDelegate.swift */ = {isa = PBXFileReference; lastKnownFileType = sourcecode.swift; path = AppDelegate.swift; sourceTree = "<group>"; };
		300F817D28363C570034AB47 /* SceneDelegate.swift */ = {isa = PBXFileReference; lastKnownFileType = sourcecode.swift; path = SceneDelegate.swift; sourceTree = "<group>"; };
		300F817F28363C570034AB47 /* SearchViewController.swift */ = {isa = PBXFileReference; lastKnownFileType = sourcecode.swift; path = SearchViewController.swift; sourceTree = "<group>"; };
		300F818428363C5C0034AB47 /* Assets.xcassets */ = {isa = PBXFileReference; lastKnownFileType = folder.assetcatalog; path = Assets.xcassets; sourceTree = "<group>"; };
		300F818728363C5C0034AB47 /* Base */ = {isa = PBXFileReference; lastKnownFileType = file.storyboard; name = Base; path = Base.lproj/LaunchScreen.storyboard; sourceTree = "<group>"; };
		300F818928363C5C0034AB47 /* Info.plist */ = {isa = PBXFileReference; lastKnownFileType = text.plist.xml; path = Info.plist; sourceTree = "<group>"; };
		300F818E28363C5D0034AB47 /* Codeaddict Recruitment TaskTests.xctest */ = {isa = PBXFileReference; explicitFileType = wrapper.cfbundle; includeInIndex = 0; path = "Codeaddict Recruitment TaskTests.xctest"; sourceTree = BUILT_PRODUCTS_DIR; };
		300F819228363C5D0034AB47 /* Codeaddict_Recruitment_TaskTests.swift */ = {isa = PBXFileReference; lastKnownFileType = sourcecode.swift; path = Codeaddict_Recruitment_TaskTests.swift; sourceTree = "<group>"; };
		300F819828363C5D0034AB47 /* Codeaddict Recruitment TaskUITests.xctest */ = {isa = PBXFileReference; explicitFileType = wrapper.cfbundle; includeInIndex = 0; path = "Codeaddict Recruitment TaskUITests.xctest"; sourceTree = BUILT_PRODUCTS_DIR; };
		300F819C28363C5D0034AB47 /* Codeaddict_Recruitment_TaskUITests.swift */ = {isa = PBXFileReference; lastKnownFileType = sourcecode.swift; path = Codeaddict_Recruitment_TaskUITests.swift; sourceTree = "<group>"; };
		300F819E28363C5D0034AB47 /* Codeaddict_Recruitment_TaskUITestsLaunchTests.swift */ = {isa = PBXFileReference; lastKnownFileType = sourcecode.swift; path = Codeaddict_Recruitment_TaskUITestsLaunchTests.swift; sourceTree = "<group>"; };
		300F81AB28366C0D0034AB47 /* SearchLogic.swift */ = {isa = PBXFileReference; lastKnownFileType = sourcecode.swift; path = SearchLogic.swift; sourceTree = "<group>"; };
		300F81AD28366C310034AB47 /* MainTableViewCell.swift */ = {isa = PBXFileReference; lastKnownFileType = sourcecode.swift; path = MainTableViewCell.swift; sourceTree = "<group>"; };
		300F81AF28366C4D0034AB47 /* MainTableViewHeaderView.swift */ = {isa = PBXFileReference; lastKnownFileType = sourcecode.swift; path = MainTableViewHeaderView.swift; sourceTree = "<group>"; };
		300F81B528367A880034AB47 /* SearchViewModel.swift */ = {isa = PBXFileReference; lastKnownFileType = sourcecode.swift; path = SearchViewModel.swift; sourceTree = "<group>"; };
		300F81E52836822C0034AB47 /* Podfile */ = {isa = PBXFileReference; lastKnownFileType = text; path = Podfile; sourceTree = "<group>"; xcLanguageSpecificationIdentifier = xcode.lang.ruby; };
		301FD29E2837B29B0054EA09 /* Error.swift */ = {isa = PBXFileReference; fileEncoding = 4; lastKnownFileType = sourcecode.swift; name = Error.swift; path = "Codeaddict Recruitment Task/Search/Model/Error.swift"; sourceTree = SOURCE_ROOT; };
		301FD2A02837B29B0054EA09 /* RestService.swift */ = {isa = PBXFileReference; fileEncoding = 4; lastKnownFileType = sourcecode.swift; name = RestService.swift; path = "Codeaddict Recruitment Task/Search/ViewModel/RestService.swift"; sourceTree = SOURCE_ROOT; };
		301FD2A62837C5890054EA09 /* ImageDataSource.swift */ = {isa = PBXFileReference; lastKnownFileType = sourcecode.swift; path = ImageDataSource.swift; sourceTree = "<group>"; };
		30AEA810283A6A0F001E48D1 /* RestModels.swift */ = {isa = PBXFileReference; lastKnownFileType = sourcecode.swift; path = RestModels.swift; sourceTree = "<group>"; };
		30AEA816283A6B96001E48D1 /* DetailsViewController.swift */ = {isa = PBXFileReference; lastKnownFileType = sourcecode.swift; path = DetailsViewController.swift; sourceTree = "<group>"; };
		30AEA818283A7817001E48D1 /* MainCoordinator.swift */ = {isa = PBXFileReference; lastKnownFileType = sourcecode.swift; path = MainCoordinator.swift; sourceTree = "<group>"; };
		30AEA81A283A9AD2001E48D1 /* DetailsViewModel.swift */ = {isa = PBXFileReference; lastKnownFileType = sourcecode.swift; path = DetailsViewModel.swift; sourceTree = "<group>"; };
		30AEA81C283A9AE0001E48D1 /* DetailsLogic.swift */ = {isa = PBXFileReference; lastKnownFileType = sourcecode.swift; path = DetailsLogic.swift; sourceTree = "<group>"; };
		42DCB36CB9431FED028D77D0 /* Pods_Codeaddict_Recruitment_TaskTests.framework */ = {isa = PBXFileReference; explicitFileType = wrapper.framework; includeInIndex = 0; path = Pods_Codeaddict_Recruitment_TaskTests.framework; sourceTree = BUILT_PRODUCTS_DIR; };
		833BB30B45701946897941D7 /* Pods_Codeaddict_Recruitment_Task.framework */ = {isa = PBXFileReference; explicitFileType = wrapper.framework; includeInIndex = 0; path = Pods_Codeaddict_Recruitment_Task.framework; sourceTree = BUILT_PRODUCTS_DIR; };
		B26A6364C465BC1973CCFA2E /* Pods-Codeaddict Recruitment TaskTests.release.xcconfig */ = {isa = PBXFileReference; includeInIndex = 1; lastKnownFileType = text.xcconfig; name = "Pods-Codeaddict Recruitment TaskTests.release.xcconfig"; path = "Target Support Files/Pods-Codeaddict Recruitment TaskTests/Pods-Codeaddict Recruitment TaskTests.release.xcconfig"; sourceTree = "<group>"; };
		C3371416EBF5B29C5DAA5AD9 /* Pods-Codeaddict Recruitment Task.release.xcconfig */ = {isa = PBXFileReference; includeInIndex = 1; lastKnownFileType = text.xcconfig; name = "Pods-Codeaddict Recruitment Task.release.xcconfig"; path = "Target Support Files/Pods-Codeaddict Recruitment Task/Pods-Codeaddict Recruitment Task.release.xcconfig"; sourceTree = "<group>"; };
		F4301DD6A939BC0433AC2B5A /* Pods-Codeaddict Recruitment Task.debug.xcconfig */ = {isa = PBXFileReference; includeInIndex = 1; lastKnownFileType = text.xcconfig; name = "Pods-Codeaddict Recruitment Task.debug.xcconfig"; path = "Target Support Files/Pods-Codeaddict Recruitment Task/Pods-Codeaddict Recruitment Task.debug.xcconfig"; sourceTree = "<group>"; };
/* End PBXFileReference section */

/* Begin PBXFrameworksBuildPhase section */
		300F817528363C570034AB47 /* Frameworks */ = {
			isa = PBXFrameworksBuildPhase;
			buildActionMask = 2147483647;
			files = (
				ABA1AEC3BFCC11FF8A3848BE /* Pods_Codeaddict_Recruitment_Task.framework in Frameworks */,
			);
			runOnlyForDeploymentPostprocessing = 0;
		};
		300F818B28363C5D0034AB47 /* Frameworks */ = {
			isa = PBXFrameworksBuildPhase;
			buildActionMask = 2147483647;
			files = (
				FD59760BE933E5C34E249201 /* Pods_Codeaddict_Recruitment_TaskTests.framework in Frameworks */,
			);
			runOnlyForDeploymentPostprocessing = 0;
		};
		300F819528363C5D0034AB47 /* Frameworks */ = {
			isa = PBXFrameworksBuildPhase;
			buildActionMask = 2147483647;
			files = (
			);
			runOnlyForDeploymentPostprocessing = 0;
		};
/* End PBXFrameworksBuildPhase section */

/* Begin PBXGroup section */
		300F816F28363C570034AB47 = {
			isa = PBXGroup;
			children = (
				300F81E52836822C0034AB47 /* Podfile */,
				300F817A28363C570034AB47 /* Codeaddict Recruitment Task */,
				300F819128363C5D0034AB47 /* Codeaddict Recruitment TaskTests */,
				300F819B28363C5D0034AB47 /* Codeaddict Recruitment TaskUITests */,
				300F817928363C570034AB47 /* Products */,
				ADB8C7D406A711ED83999FEA /* Pods */,
				BE47B5D34895E943FA04BB6B /* Frameworks */,
			);
			sourceTree = "<group>";
		};
		300F817928363C570034AB47 /* Products */ = {
			isa = PBXGroup;
			children = (
				300F817828363C570034AB47 /* Codeaddict Recruitment Task.app */,
				300F818E28363C5D0034AB47 /* Codeaddict Recruitment TaskTests.xctest */,
				300F819828363C5D0034AB47 /* Codeaddict Recruitment TaskUITests.xctest */,
			);
			name = Products;
			sourceTree = "<group>";
		};
		300F817A28363C570034AB47 /* Codeaddict Recruitment Task */ = {
			isa = PBXGroup;
			children = (
				30AEA812283A6B67001E48D1 /* Details */,
				300F81B128367A510034AB47 /* Search */,
				300F817B28363C570034AB47 /* AppDelegate.swift */,
				300F817D28363C570034AB47 /* SceneDelegate.swift */,
				300F818428363C5C0034AB47 /* Assets.xcassets */,
				300F818628363C5C0034AB47 /* LaunchScreen.storyboard */,
				300F818928363C5C0034AB47 /* Info.plist */,
				30AEA818283A7817001E48D1 /* MainCoordinator.swift */,
			);
			path = "Codeaddict Recruitment Task";
			sourceTree = "<group>";
		};
		300F819128363C5D0034AB47 /* Codeaddict Recruitment TaskTests */ = {
			isa = PBXGroup;
			children = (
				300F819228363C5D0034AB47 /* Codeaddict_Recruitment_TaskTests.swift */,
			);
			path = "Codeaddict Recruitment TaskTests";
			sourceTree = "<group>";
		};
		300F819B28363C5D0034AB47 /* Codeaddict Recruitment TaskUITests */ = {
			isa = PBXGroup;
			children = (
				300F819C28363C5D0034AB47 /* Codeaddict_Recruitment_TaskUITests.swift */,
				300F819E28363C5D0034AB47 /* Codeaddict_Recruitment_TaskUITestsLaunchTests.swift */,
			);
			path = "Codeaddict Recruitment TaskUITests";
			sourceTree = "<group>";
		};
		300F81B128367A510034AB47 /* Search */ = {
			isa = PBXGroup;
			children = (
				300F81B428367A6E0034AB47 /* Model */,
				300F81B328367A650034AB47 /* View */,
				300F81B228367A5B0034AB47 /* ViewModel */,
				301FD2A62837C5890054EA09 /* ImageDataSource.swift */,
			);
			path = Search;
			sourceTree = "<group>";
		};
		300F81B228367A5B0034AB47 /* ViewModel */ = {
			isa = PBXGroup;
			children = (
				300F81AB28366C0D0034AB47 /* SearchLogic.swift */,
				300F81B528367A880034AB47 /* SearchViewModel.swift */,
				301FD2A02837B29B0054EA09 /* RestService.swift */,
			);
			path = ViewModel;
			sourceTree = "<group>";
		};
		300F81B328367A650034AB47 /* View */ = {
			isa = PBXGroup;
			children = (
				300F817F28363C570034AB47 /* SearchViewController.swift */,
				300F81AD28366C310034AB47 /* MainTableViewCell.swift */,
				300F81AF28366C4D0034AB47 /* MainTableViewHeaderView.swift */,
			);
			path = View;
			sourceTree = "<group>";
		};
		300F81B428367A6E0034AB47 /* Model */ = {
			isa = PBXGroup;
			children = (
				301FD29E2837B29B0054EA09 /* Error.swift */,
				30AEA810283A6A0F001E48D1 /* RestModels.swift */,
			);
			path = Model;
			sourceTree = "<group>";
		};
		30AEA812283A6B67001E48D1 /* Details */ = {
			isa = PBXGroup;
			children = (
				30AEA815283A6B7C001E48D1 /* Model */,
				30AEA814283A6B77001E48D1 /* View */,
				30AEA813283A6B6D001E48D1 /* ViewModel */,
			);
			path = Details;
			sourceTree = "<group>";
		};
		30AEA813283A6B6D001E48D1 /* ViewModel */ = {
			isa = PBXGroup;
			children = (
				30AEA81A283A9AD2001E48D1 /* DetailsViewModel.swift */,
				30AEA81C283A9AE0001E48D1 /* DetailsLogic.swift */,
			);
			path = ViewModel;
			sourceTree = "<group>";
		};
		30AEA814283A6B77001E48D1 /* View */ = {
			isa = PBXGroup;
			children = (
				30AEA816283A6B96001E48D1 /* DetailsViewController.swift */,
			);
			path = View;
			sourceTree = "<group>";
		};
		30AEA815283A6B7C001E48D1 /* Model */ = {
			isa = PBXGroup;
			children = (
			);
			path = Model;
			sourceTree = "<group>";
		};
		ADB8C7D406A711ED83999FEA /* Pods */ = {
			isa = PBXGroup;
			children = (
				F4301DD6A939BC0433AC2B5A /* Pods-Codeaddict Recruitment Task.debug.xcconfig */,
				C3371416EBF5B29C5DAA5AD9 /* Pods-Codeaddict Recruitment Task.release.xcconfig */,
				1B483C93D0E443A33516CD1E /* Pods-Codeaddict Recruitment TaskTests.debug.xcconfig */,
				B26A6364C465BC1973CCFA2E /* Pods-Codeaddict Recruitment TaskTests.release.xcconfig */,
			);
			path = Pods;
			sourceTree = "<group>";
		};
		BE47B5D34895E943FA04BB6B /* Frameworks */ = {
			isa = PBXGroup;
			children = (
				833BB30B45701946897941D7 /* Pods_Codeaddict_Recruitment_Task.framework */,
				42DCB36CB9431FED028D77D0 /* Pods_Codeaddict_Recruitment_TaskTests.framework */,
			);
			name = Frameworks;
			sourceTree = "<group>";
		};
/* End PBXGroup section */

/* Begin PBXNativeTarget section */
		300F817728363C570034AB47 /* Codeaddict Recruitment Task */ = {
			isa = PBXNativeTarget;
			buildConfigurationList = 300F81A228363C5D0034AB47 /* Build configuration list for PBXNativeTarget "Codeaddict Recruitment Task" */;
			buildPhases = (
				F9C7F52C507B8D7EECD8FBC3 /* [CP] Check Pods Manifest.lock */,
				300F817428363C570034AB47 /* Sources */,
				300F817528363C570034AB47 /* Frameworks */,
				300F817628363C570034AB47 /* Resources */,
				5D4537B288C89AAC67AEA7D1 /* [CP] Embed Pods Frameworks */,
			);
			buildRules = (
			);
			dependencies = (
			);
			name = "Codeaddict Recruitment Task";
			productName = "Codeaddict Recruitment Task";
			productReference = 300F817828363C570034AB47 /* Codeaddict Recruitment Task.app */;
			productType = "com.apple.product-type.application";
		};
		300F818D28363C5D0034AB47 /* Codeaddict Recruitment TaskTests */ = {
			isa = PBXNativeTarget;
			buildConfigurationList = 300F81A528363C5D0034AB47 /* Build configuration list for PBXNativeTarget "Codeaddict Recruitment TaskTests" */;
			buildPhases = (
				F13032E26FD5FFE06A2781B6 /* [CP] Check Pods Manifest.lock */,
				300F818A28363C5D0034AB47 /* Sources */,
				300F818B28363C5D0034AB47 /* Frameworks */,
				300F818C28363C5D0034AB47 /* Resources */,
				AAAC25F98BF880F3956254FC /* [CP] Embed Pods Frameworks */,
			);
			buildRules = (
			);
			dependencies = (
				300F819028363C5D0034AB47 /* PBXTargetDependency */,
			);
			name = "Codeaddict Recruitment TaskTests";
			productName = "Codeaddict Recruitment TaskTests";
			productReference = 300F818E28363C5D0034AB47 /* Codeaddict Recruitment TaskTests.xctest */;
			productType = "com.apple.product-type.bundle.unit-test";
		};
		300F819728363C5D0034AB47 /* Codeaddict Recruitment TaskUITests */ = {
			isa = PBXNativeTarget;
			buildConfigurationList = 300F81A828363C5D0034AB47 /* Build configuration list for PBXNativeTarget "Codeaddict Recruitment TaskUITests" */;
			buildPhases = (
				300F819428363C5D0034AB47 /* Sources */,
				300F819528363C5D0034AB47 /* Frameworks */,
				300F819628363C5D0034AB47 /* Resources */,
			);
			buildRules = (
			);
			dependencies = (
				300F819A28363C5D0034AB47 /* PBXTargetDependency */,
			);
			name = "Codeaddict Recruitment TaskUITests";
			productName = "Codeaddict Recruitment TaskUITests";
			productReference = 300F819828363C5D0034AB47 /* Codeaddict Recruitment TaskUITests.xctest */;
			productType = "com.apple.product-type.bundle.ui-testing";
		};
/* End PBXNativeTarget section */

/* Begin PBXProject section */
		300F817028363C570034AB47 /* Project object */ = {
			isa = PBXProject;
			attributes = {
				BuildIndependentTargetsInParallel = 1;
				LastSwiftUpdateCheck = 1330;
				LastUpgradeCheck = 1330;
				TargetAttributes = {
					300F817728363C570034AB47 = {
						CreatedOnToolsVersion = 13.3.1;
					};
					300F818D28363C5D0034AB47 = {
						CreatedOnToolsVersion = 13.3.1;
						TestTargetID = 300F817728363C570034AB47;
					};
					300F819728363C5D0034AB47 = {
						CreatedOnToolsVersion = 13.3.1;
						TestTargetID = 300F817728363C570034AB47;
					};
				};
			};
			buildConfigurationList = 300F817328363C570034AB47 /* Build configuration list for PBXProject "Codeaddict Recruitment Task" */;
			compatibilityVersion = "Xcode 13.0";
			developmentRegion = en;
			hasScannedForEncodings = 0;
			knownRegions = (
				en,
				Base,
			);
			mainGroup = 300F816F28363C570034AB47;
			productRefGroup = 300F817928363C570034AB47 /* Products */;
			projectDirPath = "";
			projectRoot = "";
			targets = (
				300F817728363C570034AB47 /* Codeaddict Recruitment Task */,
				300F818D28363C5D0034AB47 /* Codeaddict Recruitment TaskTests */,
				300F819728363C5D0034AB47 /* Codeaddict Recruitment TaskUITests */,
			);
		};
/* End PBXProject section */

/* Begin PBXResourcesBuildPhase section */
		300F817628363C570034AB47 /* Resources */ = {
			isa = PBXResourcesBuildPhase;
			buildActionMask = 2147483647;
			files = (
				300F81E62836822C0034AB47 /* Podfile in Resources */,
				300F818828363C5C0034AB47 /* LaunchScreen.storyboard in Resources */,
				300F818528363C5C0034AB47 /* Assets.xcassets in Resources */,
			);
			runOnlyForDeploymentPostprocessing = 0;
		};
		300F818C28363C5D0034AB47 /* Resources */ = {
			isa = PBXResourcesBuildPhase;
			buildActionMask = 2147483647;
			files = (
			);
			runOnlyForDeploymentPostprocessing = 0;
		};
		300F819628363C5D0034AB47 /* Resources */ = {
			isa = PBXResourcesBuildPhase;
			buildActionMask = 2147483647;
			files = (
			);
			runOnlyForDeploymentPostprocessing = 0;
		};
/* End PBXResourcesBuildPhase section */

/* Begin PBXShellScriptBuildPhase section */
		5D4537B288C89AAC67AEA7D1 /* [CP] Embed Pods Frameworks */ = {
			isa = PBXShellScriptBuildPhase;
			buildActionMask = 2147483647;
			files = (
			);
			inputFileListPaths = (
				"${PODS_ROOT}/Target Support Files/Pods-Codeaddict Recruitment Task/Pods-Codeaddict Recruitment Task-frameworks-${CONFIGURATION}-input-files.xcfilelist",
			);
			name = "[CP] Embed Pods Frameworks";
			outputFileListPaths = (
				"${PODS_ROOT}/Target Support Files/Pods-Codeaddict Recruitment Task/Pods-Codeaddict Recruitment Task-frameworks-${CONFIGURATION}-output-files.xcfilelist",
			);
			runOnlyForDeploymentPostprocessing = 0;
			shellPath = /bin/sh;
			shellScript = "\"${PODS_ROOT}/Target Support Files/Pods-Codeaddict Recruitment Task/Pods-Codeaddict Recruitment Task-frameworks.sh\"\n";
			showEnvVarsInLog = 0;
		};
		AAAC25F98BF880F3956254FC /* [CP] Embed Pods Frameworks */ = {
			isa = PBXShellScriptBuildPhase;
			buildActionMask = 2147483647;
			files = (
			);
			inputFileListPaths = (
				"${PODS_ROOT}/Target Support Files/Pods-Codeaddict Recruitment TaskTests/Pods-Codeaddict Recruitment TaskTests-frameworks-${CONFIGURATION}-input-files.xcfilelist",
			);
			name = "[CP] Embed Pods Frameworks";
			outputFileListPaths = (
				"${PODS_ROOT}/Target Support Files/Pods-Codeaddict Recruitment TaskTests/Pods-Codeaddict Recruitment TaskTests-frameworks-${CONFIGURATION}-output-files.xcfilelist",
			);
			runOnlyForDeploymentPostprocessing = 0;
			shellPath = /bin/sh;
			shellScript = "\"${PODS_ROOT}/Target Support Files/Pods-Codeaddict Recruitment TaskTests/Pods-Codeaddict Recruitment TaskTests-frameworks.sh\"\n";
			showEnvVarsInLog = 0;
		};
		F13032E26FD5FFE06A2781B6 /* [CP] Check Pods Manifest.lock */ = {
			isa = PBXShellScriptBuildPhase;
			buildActionMask = 2147483647;
			files = (
			);
			inputFileListPaths = (
			);
			inputPaths = (
				"${PODS_PODFILE_DIR_PATH}/Podfile.lock",
				"${PODS_ROOT}/Manifest.lock",
			);
			name = "[CP] Check Pods Manifest.lock";
			outputFileListPaths = (
			);
			outputPaths = (
				"$(DERIVED_FILE_DIR)/Pods-Codeaddict Recruitment TaskTests-checkManifestLockResult.txt",
			);
			runOnlyForDeploymentPostprocessing = 0;
			shellPath = /bin/sh;
			shellScript = "diff \"${PODS_PODFILE_DIR_PATH}/Podfile.lock\" \"${PODS_ROOT}/Manifest.lock\" > /dev/null\nif [ $? != 0 ] ; then\n    # print error to STDERR\n    echo \"error: The sandbox is not in sync with the Podfile.lock. Run 'pod install' or update your CocoaPods installation.\" >&2\n    exit 1\nfi\n# This output is used by Xcode 'outputs' to avoid re-running this script phase.\necho \"SUCCESS\" > \"${SCRIPT_OUTPUT_FILE_0}\"\n";
			showEnvVarsInLog = 0;
		};
		F9C7F52C507B8D7EECD8FBC3 /* [CP] Check Pods Manifest.lock */ = {
			isa = PBXShellScriptBuildPhase;
			buildActionMask = 2147483647;
			files = (
			);
			inputFileListPaths = (
			);
			inputPaths = (
				"${PODS_PODFILE_DIR_PATH}/Podfile.lock",
				"${PODS_ROOT}/Manifest.lock",
			);
			name = "[CP] Check Pods Manifest.lock";
			outputFileListPaths = (
			);
			outputPaths = (
				"$(DERIVED_FILE_DIR)/Pods-Codeaddict Recruitment Task-checkManifestLockResult.txt",
			);
			runOnlyForDeploymentPostprocessing = 0;
			shellPath = /bin/sh;
			shellScript = "diff \"${PODS_PODFILE_DIR_PATH}/Podfile.lock\" \"${PODS_ROOT}/Manifest.lock\" > /dev/null\nif [ $? != 0 ] ; then\n    # print error to STDERR\n    echo \"error: The sandbox is not in sync with the Podfile.lock. Run 'pod install' or update your CocoaPods installation.\" >&2\n    exit 1\nfi\n# This output is used by Xcode 'outputs' to avoid re-running this script phase.\necho \"SUCCESS\" > \"${SCRIPT_OUTPUT_FILE_0}\"\n";
			showEnvVarsInLog = 0;
		};
/* End PBXShellScriptBuildPhase section */

/* Begin PBXSourcesBuildPhase section */
		300F817428363C570034AB47 /* Sources */ = {
			isa = PBXSourcesBuildPhase;
			buildActionMask = 2147483647;
			files = (
				301FD2A22837B29B0054EA09 /* Error.swift in Sources */,
				30AEA811283A6A0F001E48D1 /* RestModels.swift in Sources */,
				300F81B028366C4D0034AB47 /* MainTableViewHeaderView.swift in Sources */,
				300F818028363C570034AB47 /* SearchViewController.swift in Sources */,
				300F81AC28366C0D0034AB47 /* SearchLogic.swift in Sources */,
				300F817C28363C570034AB47 /* AppDelegate.swift in Sources */,
				301FD2A72837C5890054EA09 /* ImageDataSource.swift in Sources */,
				300F81B628367A880034AB47 /* SearchViewModel.swift in Sources */,
				30AEA81D283A9AE0001E48D1 /* DetailsLogic.swift in Sources */,
				300F817E28363C570034AB47 /* SceneDelegate.swift in Sources */,
				300F81AE28366C310034AB47 /* MainTableViewCell.swift in Sources */,
				30AEA819283A7817001E48D1 /* MainCoordinator.swift in Sources */,
				30AEA81B283A9AD2001E48D1 /* DetailsViewModel.swift in Sources */,
				301FD2A42837B29B0054EA09 /* RestService.swift in Sources */,
				30AEA817283A6B96001E48D1 /* DetailsViewController.swift in Sources */,
			);
			runOnlyForDeploymentPostprocessing = 0;
		};
		300F818A28363C5D0034AB47 /* Sources */ = {
			isa = PBXSourcesBuildPhase;
			buildActionMask = 2147483647;
			files = (
				300F819328363C5D0034AB47 /* Codeaddict_Recruitment_TaskTests.swift in Sources */,
			);
			runOnlyForDeploymentPostprocessing = 0;
		};
		300F819428363C5D0034AB47 /* Sources */ = {
			isa = PBXSourcesBuildPhase;
			buildActionMask = 2147483647;
			files = (
				300F819F28363C5D0034AB47 /* Codeaddict_Recruitment_TaskUITestsLaunchTests.swift in Sources */,
				300F819D28363C5D0034AB47 /* Codeaddict_Recruitment_TaskUITests.swift in Sources */,
			);
			runOnlyForDeploymentPostprocessing = 0;
		};
/* End PBXSourcesBuildPhase section */

/* Begin PBXTargetDependency section */
		300F819028363C5D0034AB47 /* PBXTargetDependency */ = {
			isa = PBXTargetDependency;
			target = 300F817728363C570034AB47 /* Codeaddict Recruitment Task */;
			targetProxy = 300F818F28363C5D0034AB47 /* PBXContainerItemProxy */;
		};
		300F819A28363C5D0034AB47 /* PBXTargetDependency */ = {
			isa = PBXTargetDependency;
			target = 300F817728363C570034AB47 /* Codeaddict Recruitment Task */;
			targetProxy = 300F819928363C5D0034AB47 /* PBXContainerItemProxy */;
		};
/* End PBXTargetDependency section */

/* Begin PBXVariantGroup section */
		300F818628363C5C0034AB47 /* LaunchScreen.storyboard */ = {
			isa = PBXVariantGroup;
			children = (
				300F818728363C5C0034AB47 /* Base */,
			);
			name = LaunchScreen.storyboard;
			sourceTree = "<group>";
		};
/* End PBXVariantGroup section */

/* Begin XCBuildConfiguration section */
		300F81A028363C5D0034AB47 /* Debug */ = {
			isa = XCBuildConfiguration;
			buildSettings = {
				ALWAYS_SEARCH_USER_PATHS = NO;
				CLANG_ANALYZER_NONNULL = YES;
				CLANG_ANALYZER_NUMBER_OBJECT_CONVERSION = YES_AGGRESSIVE;
				CLANG_CXX_LANGUAGE_STANDARD = "gnu++17";
				CLANG_ENABLE_MODULES = YES;
				CLANG_ENABLE_OBJC_ARC = YES;
				CLANG_ENABLE_OBJC_WEAK = YES;
				CLANG_WARN_BLOCK_CAPTURE_AUTORELEASING = YES;
				CLANG_WARN_BOOL_CONVERSION = YES;
				CLANG_WARN_COMMA = YES;
				CLANG_WARN_CONSTANT_CONVERSION = YES;
				CLANG_WARN_DEPRECATED_OBJC_IMPLEMENTATIONS = YES;
				CLANG_WARN_DIRECT_OBJC_ISA_USAGE = YES_ERROR;
				CLANG_WARN_DOCUMENTATION_COMMENTS = YES;
				CLANG_WARN_EMPTY_BODY = YES;
				CLANG_WARN_ENUM_CONVERSION = YES;
				CLANG_WARN_INFINITE_RECURSION = YES;
				CLANG_WARN_INT_CONVERSION = YES;
				CLANG_WARN_NON_LITERAL_NULL_CONVERSION = YES;
				CLANG_WARN_OBJC_IMPLICIT_RETAIN_SELF = YES;
				CLANG_WARN_OBJC_LITERAL_CONVERSION = YES;
				CLANG_WARN_OBJC_ROOT_CLASS = YES_ERROR;
				CLANG_WARN_QUOTED_INCLUDE_IN_FRAMEWORK_HEADER = YES;
				CLANG_WARN_RANGE_LOOP_ANALYSIS = YES;
				CLANG_WARN_STRICT_PROTOTYPES = YES;
				CLANG_WARN_SUSPICIOUS_MOVE = YES;
				CLANG_WARN_UNGUARDED_AVAILABILITY = YES_AGGRESSIVE;
				CLANG_WARN_UNREACHABLE_CODE = YES;
				CLANG_WARN__DUPLICATE_METHOD_MATCH = YES;
				COPY_PHASE_STRIP = NO;
				DEBUG_INFORMATION_FORMAT = dwarf;
				ENABLE_STRICT_OBJC_MSGSEND = YES;
				ENABLE_TESTABILITY = YES;
				ENABLE_TESTING_SEARCH_PATHS = YES;
				GCC_C_LANGUAGE_STANDARD = gnu11;
				GCC_DYNAMIC_NO_PIC = NO;
				GCC_NO_COMMON_BLOCKS = YES;
				GCC_OPTIMIZATION_LEVEL = 0;
				GCC_PREPROCESSOR_DEFINITIONS = (
					"DEBUG=1",
					"$(inherited)",
				);
				GCC_WARN_64_TO_32_BIT_CONVERSION = YES;
				GCC_WARN_ABOUT_RETURN_TYPE = YES_ERROR;
				GCC_WARN_UNDECLARED_SELECTOR = YES;
				GCC_WARN_UNINITIALIZED_AUTOS = YES_AGGRESSIVE;
				GCC_WARN_UNUSED_FUNCTION = YES;
				GCC_WARN_UNUSED_VARIABLE = YES;
				IPHONEOS_DEPLOYMENT_TARGET = 15.4;
				MTL_ENABLE_DEBUG_INFO = INCLUDE_SOURCE;
				MTL_FAST_MATH = YES;
				ONLY_ACTIVE_ARCH = YES;
				SDKROOT = iphoneos;
				SWIFT_ACTIVE_COMPILATION_CONDITIONS = DEBUG;
				SWIFT_OPTIMIZATION_LEVEL = "-Onone";
			};
			name = Debug;
		};
		300F81A128363C5D0034AB47 /* Release */ = {
			isa = XCBuildConfiguration;
			buildSettings = {
				ALWAYS_SEARCH_USER_PATHS = NO;
				CLANG_ANALYZER_NONNULL = YES;
				CLANG_ANALYZER_NUMBER_OBJECT_CONVERSION = YES_AGGRESSIVE;
				CLANG_CXX_LANGUAGE_STANDARD = "gnu++17";
				CLANG_ENABLE_MODULES = YES;
				CLANG_ENABLE_OBJC_ARC = YES;
				CLANG_ENABLE_OBJC_WEAK = YES;
				CLANG_WARN_BLOCK_CAPTURE_AUTORELEASING = YES;
				CLANG_WARN_BOOL_CONVERSION = YES;
				CLANG_WARN_COMMA = YES;
				CLANG_WARN_CONSTANT_CONVERSION = YES;
				CLANG_WARN_DEPRECATED_OBJC_IMPLEMENTATIONS = YES;
				CLANG_WARN_DIRECT_OBJC_ISA_USAGE = YES_ERROR;
				CLANG_WARN_DOCUMENTATION_COMMENTS = YES;
				CLANG_WARN_EMPTY_BODY = YES;
				CLANG_WARN_ENUM_CONVERSION = YES;
				CLANG_WARN_INFINITE_RECURSION = YES;
				CLANG_WARN_INT_CONVERSION = YES;
				CLANG_WARN_NON_LITERAL_NULL_CONVERSION = YES;
				CLANG_WARN_OBJC_IMPLICIT_RETAIN_SELF = YES;
				CLANG_WARN_OBJC_LITERAL_CONVERSION = YES;
				CLANG_WARN_OBJC_ROOT_CLASS = YES_ERROR;
				CLANG_WARN_QUOTED_INCLUDE_IN_FRAMEWORK_HEADER = YES;
				CLANG_WARN_RANGE_LOOP_ANALYSIS = YES;
				CLANG_WARN_STRICT_PROTOTYPES = YES;
				CLANG_WARN_SUSPICIOUS_MOVE = YES;
				CLANG_WARN_UNGUARDED_AVAILABILITY = YES_AGGRESSIVE;
				CLANG_WARN_UNREACHABLE_CODE = YES;
				CLANG_WARN__DUPLICATE_METHOD_MATCH = YES;
				COPY_PHASE_STRIP = NO;
				DEBUG_INFORMATION_FORMAT = "dwarf-with-dsym";
				ENABLE_NS_ASSERTIONS = NO;
				ENABLE_STRICT_OBJC_MSGSEND = YES;
				ENABLE_TESTING_SEARCH_PATHS = YES;
				GCC_C_LANGUAGE_STANDARD = gnu11;
				GCC_NO_COMMON_BLOCKS = YES;
				GCC_WARN_64_TO_32_BIT_CONVERSION = YES;
				GCC_WARN_ABOUT_RETURN_TYPE = YES_ERROR;
				GCC_WARN_UNDECLARED_SELECTOR = YES;
				GCC_WARN_UNINITIALIZED_AUTOS = YES_AGGRESSIVE;
				GCC_WARN_UNUSED_FUNCTION = YES;
				GCC_WARN_UNUSED_VARIABLE = YES;
				IPHONEOS_DEPLOYMENT_TARGET = 15.4;
				MTL_ENABLE_DEBUG_INFO = NO;
				MTL_FAST_MATH = YES;
				SDKROOT = iphoneos;
				SWIFT_COMPILATION_MODE = wholemodule;
				SWIFT_OPTIMIZATION_LEVEL = "-O";
				VALIDATE_PRODUCT = YES;
			};
			name = Release;
		};
		300F81A328363C5D0034AB47 /* Debug */ = {
			isa = XCBuildConfiguration;
			baseConfigurationReference = F4301DD6A939BC0433AC2B5A /* Pods-Codeaddict Recruitment Task.debug.xcconfig */;
			buildSettings = {
				ASSETCATALOG_COMPILER_APPICON_NAME = AppIcon;
				ASSETCATALOG_COMPILER_GLOBAL_ACCENT_COLOR_NAME = AccentColor;
				CODE_SIGN_STYLE = Automatic;
				CURRENT_PROJECT_VERSION = 1;
				GENERATE_INFOPLIST_FILE = YES;
				INFOPLIST_FILE = "Codeaddict Recruitment Task/Info.plist";
				INFOPLIST_KEY_UIApplicationSupportsIndirectInputEvents = YES;
				INFOPLIST_KEY_UILaunchStoryboardName = LaunchScreen;
				INFOPLIST_KEY_UISupportedInterfaceOrientations_iPad = "UIInterfaceOrientationPortrait UIInterfaceOrientationPortraitUpsideDown UIInterfaceOrientationLandscapeLeft UIInterfaceOrientationLandscapeRight";
				INFOPLIST_KEY_UISupportedInterfaceOrientations_iPhone = "UIInterfaceOrientationPortrait UIInterfaceOrientationLandscapeLeft UIInterfaceOrientationLandscapeRight";
				LD_RUNPATH_SEARCH_PATHS = (
					"$(inherited)",
					"@executable_path/Frameworks",
				);
				MARKETING_VERSION = 1.0;
				PRODUCT_BUNDLE_IDENTIFIER = "tp.Codeaddict-Recruitment-Task";
				PRODUCT_NAME = "$(TARGET_NAME)";
				SWIFT_EMIT_LOC_STRINGS = YES;
				SWIFT_VERSION = 5.0;
				TARGETED_DEVICE_FAMILY = "1,2";
			};
			name = Debug;
		};
		300F81A428363C5D0034AB47 /* Release */ = {
			isa = XCBuildConfiguration;
			baseConfigurationReference = C3371416EBF5B29C5DAA5AD9 /* Pods-Codeaddict Recruitment Task.release.xcconfig */;
			buildSettings = {
				ASSETCATALOG_COMPILER_APPICON_NAME = AppIcon;
				ASSETCATALOG_COMPILER_GLOBAL_ACCENT_COLOR_NAME = AccentColor;
				CODE_SIGN_STYLE = Automatic;
				CURRENT_PROJECT_VERSION = 1;
				GENERATE_INFOPLIST_FILE = YES;
				INFOPLIST_FILE = "Codeaddict Recruitment Task/Info.plist";
				INFOPLIST_KEY_UIApplicationSupportsIndirectInputEvents = YES;
				INFOPLIST_KEY_UILaunchStoryboardName = LaunchScreen;
				INFOPLIST_KEY_UISupportedInterfaceOrientations_iPad = "UIInterfaceOrientationPortrait UIInterfaceOrientationPortraitUpsideDown UIInterfaceOrientationLandscapeLeft UIInterfaceOrientationLandscapeRight";
				INFOPLIST_KEY_UISupportedInterfaceOrientations_iPhone = "UIInterfaceOrientationPortrait UIInterfaceOrientationLandscapeLeft UIInterfaceOrientationLandscapeRight";
				LD_RUNPATH_SEARCH_PATHS = (
					"$(inherited)",
					"@executable_path/Frameworks",
				);
				MARKETING_VERSION = 1.0;
				PRODUCT_BUNDLE_IDENTIFIER = "tp.Codeaddict-Recruitment-Task";
				PRODUCT_NAME = "$(TARGET_NAME)";
				SWIFT_EMIT_LOC_STRINGS = YES;
				SWIFT_VERSION = 5.0;
				TARGETED_DEVICE_FAMILY = "1,2";
			};
			name = Release;
		};
		300F81A628363C5D0034AB47 /* Debug */ = {
			isa = XCBuildConfiguration;
			baseConfigurationReference = 1B483C93D0E443A33516CD1E /* Pods-Codeaddict Recruitment TaskTests.debug.xcconfig */;
			buildSettings = {
				ALWAYS_EMBED_SWIFT_STANDARD_LIBRARIES = YES;
				BUNDLE_LOADER = "$(TEST_HOST)";
				CODE_SIGN_STYLE = Automatic;
				CURRENT_PROJECT_VERSION = 1;
				GENERATE_INFOPLIST_FILE = YES;
				IPHONEOS_DEPLOYMENT_TARGET = 15.4;
				MARKETING_VERSION = 1.0;
				PRODUCT_BUNDLE_IDENTIFIER = "tp.Codeaddict-Recruitment-TaskTests";
				PRODUCT_NAME = "$(TARGET_NAME)";
				SWIFT_EMIT_LOC_STRINGS = NO;
				SWIFT_VERSION = 5.0;
				TARGETED_DEVICE_FAMILY = "1,2";
				TEST_HOST = "$(BUILT_PRODUCTS_DIR)/Codeaddict Recruitment Task.app/Codeaddict Recruitment Task";
			};
			name = Debug;
		};
		300F81A728363C5D0034AB47 /* Release */ = {
			isa = XCBuildConfiguration;
			baseConfigurationReference = B26A6364C465BC1973CCFA2E /* Pods-Codeaddict Recruitment TaskTests.release.xcconfig */;
			buildSettings = {
				ALWAYS_EMBED_SWIFT_STANDARD_LIBRARIES = YES;
				BUNDLE_LOADER = "$(TEST_HOST)";
				CODE_SIGN_STYLE = Automatic;
				CURRENT_PROJECT_VERSION = 1;
				GENERATE_INFOPLIST_FILE = YES;
				IPHONEOS_DEPLOYMENT_TARGET = 15.4;
				MARKETING_VERSION = 1.0;
				PRODUCT_BUNDLE_IDENTIFIER = "tp.Codeaddict-Recruitment-TaskTests";
				PRODUCT_NAME = "$(TARGET_NAME)";
				SWIFT_EMIT_LOC_STRINGS = NO;
				SWIFT_VERSION = 5.0;
				TARGETED_DEVICE_FAMILY = "1,2";
				TEST_HOST = "$(BUILT_PRODUCTS_DIR)/Codeaddict Recruitment Task.app/Codeaddict Recruitment Task";
			};
			name = Release;
		};
		300F81A928363C5D0034AB47 /* Debug */ = {
			isa = XCBuildConfiguration;
			buildSettings = {
				ALWAYS_EMBED_SWIFT_STANDARD_LIBRARIES = YES;
				CODE_SIGN_STYLE = Automatic;
				CURRENT_PROJECT_VERSION = 1;
				GENERATE_INFOPLIST_FILE = YES;
				MARKETING_VERSION = 1.0;
				PRODUCT_BUNDLE_IDENTIFIER = "tp.Codeaddict-Recruitment-TaskUITests";
				PRODUCT_NAME = "$(TARGET_NAME)";
				SWIFT_EMIT_LOC_STRINGS = NO;
				SWIFT_VERSION = 5.0;
				TARGETED_DEVICE_FAMILY = "1,2";
				TEST_TARGET_NAME = "Codeaddict Recruitment Task";
			};
			name = Debug;
		};
		300F81AA28363C5D0034AB47 /* Release */ = {
			isa = XCBuildConfiguration;
			buildSettings = {
				ALWAYS_EMBED_SWIFT_STANDARD_LIBRARIES = YES;
				CODE_SIGN_STYLE = Automatic;
				CURRENT_PROJECT_VERSION = 1;
				GENERATE_INFOPLIST_FILE = YES;
				MARKETING_VERSION = 1.0;
				PRODUCT_BUNDLE_IDENTIFIER = "tp.Codeaddict-Recruitment-TaskUITests";
				PRODUCT_NAME = "$(TARGET_NAME)";
				SWIFT_EMIT_LOC_STRINGS = NO;
				SWIFT_VERSION = 5.0;
				TARGETED_DEVICE_FAMILY = "1,2";
				TEST_TARGET_NAME = "Codeaddict Recruitment Task";
			};
			name = Release;
		};
/* End XCBuildConfiguration section */

/* Begin XCConfigurationList section */
		300F817328363C570034AB47 /* Build configuration list for PBXProject "Codeaddict Recruitment Task" */ = {
			isa = XCConfigurationList;
			buildConfigurations = (
				300F81A028363C5D0034AB47 /* Debug */,
				300F81A128363C5D0034AB47 /* Release */,
			);
			defaultConfigurationIsVisible = 0;
			defaultConfigurationName = Release;
		};
		300F81A228363C5D0034AB47 /* Build configuration list for PBXNativeTarget "Codeaddict Recruitment Task" */ = {
			isa = XCConfigurationList;
			buildConfigurations = (
				300F81A328363C5D0034AB47 /* Debug */,
				300F81A428363C5D0034AB47 /* Release */,
			);
			defaultConfigurationIsVisible = 0;
			defaultConfigurationName = Release;
		};
		300F81A528363C5D0034AB47 /* Build configuration list for PBXNativeTarget "Codeaddict Recruitment TaskTests" */ = {
			isa = XCConfigurationList;
			buildConfigurations = (
				300F81A628363C5D0034AB47 /* Debug */,
				300F81A728363C5D0034AB47 /* Release */,
			);
			defaultConfigurationIsVisible = 0;
			defaultConfigurationName = Release;
		};
		300F81A828363C5D0034AB47 /* Build configuration list for PBXNativeTarget "Codeaddict Recruitment TaskUITests" */ = {
			isa = XCConfigurationList;
			buildConfigurations = (
				300F81A928363C5D0034AB47 /* Debug */,
				300F81AA28363C5D0034AB47 /* Release */,
			);
			defaultConfigurationIsVisible = 0;
			defaultConfigurationName = Release;
		};
/* End XCConfigurationList section */
	};
	rootObject = 300F817028363C570034AB47 /* Project object */;
}
